# @generated by Move, please check-in and do not edit manually.

[move]
version = 3
manifest_digest = "0A19AC1DB586D569FC602B2CD6D2D4AEE9554FA7E906F170DB67F7276F29E67D"
deps_digest = "F8BBB0CCB2491CA29A3DF03D6F92277A4F3574266507ACD77214D37ECA3F3082"
dependencies = [
  { id = "Sui", name = "Sui" },
]

[[move.package]]
id = "MoveStdlib"
source = { git = "https://github.com/MystenLabs/sui.git", rev = "framework/testnet", subdir = "crates/sui-framework/packages/move-stdlib" }

[[move.package]]
id = "Sui"
source = { git = "https://github.com/MystenLabs/sui.git", rev = "framework/testnet", subdir = "crates/sui-framework/packages/sui-framework" }

dependencies = [
  { id = "MoveStdlib", name = "MoveStdlib" },
]

[move.toolchain-version]
compiler-version = "1.45.1"
edition = "2024.beta"
flavor = "sui"

[env]

[env.testnet]
chain-id = "4c78adac"
original-published-id = "0x140a8983600f0241b06342049dc1172ad342dbe1bca0d082d066f0434ea46ce9"
latest-published-id = "0x140a8983600f0241b06342049dc1172ad342dbe1bca0d082d066f0434ea46ce9"
published-version = "1"

[env.devnet]
chain-id = "f4950f51"
original-published-id = "0x033f7049318b158f0f2e3cd9928e0c2a5353e1fe0664e0e637f8792d9de651ad"
latest-published-id = "0x033f7049318b158f0f2e3cd9928e0c2a5353e1fe0664e0e637f8792d9de651ad"
published-version = "1"

[env.mainnet]
chain-id = "35834a8a"
original-published-id = "0xf91f0a90e02b936aca16f368f6f1ba89972f40f43992326b6b8e11632a61a310"
latest-published-id = "0xf91f0a90e02b936aca16f368f6f1ba89972f40f43992326b6b8e11632a61a310"
published-version = "1"
