# @generated by Move, please check-in and do not edit manually.

[move]
version = 2
manifest_digest = "0A19AC1DB586D569FC602B2CD6D2D4AEE9554FA7E906F170DB67F7276F29E67D"
deps_digest = "F8BBB0CCB2491CA29A3DF03D6F92277A4F3574266507ACD77214D37ECA3F3082"
dependencies = [
  { name = "Sui" },
]

[[move.package]]
name = "MoveStdlib"
source = { git = "https://github.com/MystenLabs/sui.git", rev = "framework/testnet", subdir = "crates/sui-framework/packages/move-stdlib" }

[[move.package]]
name = "Sui"
source = { git = "https://github.com/MystenLabs/sui.git", rev = "framework/testnet", subdir = "crates/sui-framework/packages/sui-framework" }

dependencies = [
  { name = "MoveStdlib" },
]

[move.toolchain-version]
compiler-version = "1.30.0"
edition = "2024.beta"
flavor = "sui"

[env]

[env.testnet]
chain-id = "4c78adac"
original-published-id = "0x55d3cec3a5f131e515f8b66b0111490b74eb4274645e61b6bc34915f6abe7f63"
latest-published-id = "0x55d3cec3a5f131e515f8b66b0111490b74eb4274645e61b6bc34915f6abe7f63"
published-version = "1"

[env.devnet]
chain-id = "f4950f51"
original-published-id = "0x033f7049318b158f0f2e3cd9928e0c2a5353e1fe0664e0e637f8792d9de651ad"
latest-published-id = "0x033f7049318b158f0f2e3cd9928e0c2a5353e1fe0664e0e637f8792d9de651ad"
published-version = "1"
